# This file is automatically @generated by Cargo.
# It is not intended for manual editing.
version = 4

[[package]]
name = "gb_lang"
version = "0.1.0"
dependencies = [
 "gbc_lex",
]

[[package]]
name = "gbc"
version = "0.1.0"

[[package]]
name = "gbc_lex"
version = "0.1.0"
dependencies = [
 "gbc_macros",
 "gbc_shared",
 "readonly",
 "thiserror",
]

[[package]]
name = "gbc_macros"
version = "0.1.0"
dependencies = [
 "prettyplease",
 "proc-macro2",
 "quote",
 "syn",
 "synstructure",
]

[[package]]
name = "gbc_parse"
version = "0.1.0"
dependencies = [
 "gbc_lex",
 "gbc_shared",
 "thiserror",
]

[[package]]
name = "gbc_shared"
version = "0.1.0"
dependencies = [
 "gbc_macros",
 "readonly",
 "trait-bounds",
]

[[package]]
name = "prettyplease"
version = "0.2.37"
source = "registry+https://github.com/rust-lang/crates.io-index"
checksum = "479ca8adacdd7ce8f1fb39ce9ecccbfe93a3f1344b3d0d97f20bc0196208f62b"
dependencies = [
 "proc-macro2",
 "syn",
]

[[package]]
name = "proc-macro2"
version = "1.0.106"
source = "registry+https://github.com/rust-lang/crates.io-index"
checksum = "8fd00f0bb2e90d81d1044c2b32617f68fcb9fa3bb7640c23e9c748e53fb30934"
dependencies = [
 "unicode-ident",
]

[[package]]
name = "quote"
version = "1.0.45"
source = "registry+https://github.com/rust-lang/crates.io-index"
checksum = "41f2619966050689382d2b44f664f4bc593e129785a36d6ee376ddf37259b924"
dependencies = [
 "proc-macro2",
]

[[package]]
name = "readonly"
version = "0.2.13"
source = "registry+https://github.com/rust-lang/crates.io-index"
checksum = "f2a62d85ed81ca5305dc544bd42c8804c5060b78ffa5ad3c64b0fb6a8c13d062"
dependencies = [
 "proc-macro2",
 "quote",
 "syn",
]

[[package]]
name = "syn"
version = "2.0.117"
source = "registry+https://github.com/rust-lang/crates.io-index"
checksum = "e665b8803e7b1d2a727f4023456bbbbe74da67099c585258af0ad9c5013b9b99"
dependencies = [
 "proc-macro2",
 "quote",
 "unicode-ident",
]

[[package]]
name = "synstructure"
version = "0.13.2"
source = "registry+https://github.com/rust-lang/crates.io-index"
checksum = "728a70f3dbaf5bab7f0c4b1ac8d7ae5ea60a4b5549c8a5914361c99147a709d2"
dependencies = [
 "proc-macro2",
 "quote",
 "syn",
]

[[package]]
name = "thiserror"
version = "2.0.18"
source = "registry+https://github.com/rust-lang/crates.io-index"
checksum = "4288b5bcbc7920c07a1149a35cf9590a2aa808e0bc1eafaade0b80947865fbc4"
dependencies = [
 "thiserror-impl",
]

[[package]]
name = "thiserror-impl"
version = "2.0.18"
source = "registry+https://github.com/rust-lang/crates.io-index"
checksum = "ebc4ee7f67670e9b64d05fa4253e753e016c6c95ff35b89b7941d6b856dec1d5"
dependencies = [
 "proc-macro2",
 "quote",
 "syn",
]

[[package]]
name = "trait-bounds"
version = "0.1.1"
source = "registry+https://github.com/rust-lang/crates.io-index"
checksum = "19279e9e8f851e4c31d59b80b30a96f10ade52660f392bb844967df83f8e96a0"

[[package]]
name = "unicode-ident"
version = "1.0.13"
source = "registry+https://github.com/rust-lang/crates.io-index"
checksum = "e91b56cd4cadaeb79bbf1a5645f6b4f8dc5bde8834ad5894a8db35fda9efa1fe"
